
Microsoft Visual Studio Solution File, Format Version 12.00
# Visual Studio Version 16
VisualStudioVersion = 16.0.30204.135
MinimumVisualStudioVersion = 10.0.40219.1
Project("{FAE04EC0-301F-11D3-BF4B-00C04F79EFBC}") = "June14.2", "June14.2\June14.2.csproj", "{680ED840-F5F9-466F-A0B1-271919CE0351}"
EndProject
Global
	GlobalSection(SolutionConfigurationPlatforms) = preSolution
		Debug|Any CPU = Debug|Any CPU
		Release|Any CPU = Release|Any CPU
	EndGlobalSection
	GlobalSection(ProjectConfigurationPlatforms) = postSolution
		{680ED840-F5F9-466F-A0B1-271919CE0351}.Debug|Any CPU.ActiveCfg = Debug|Any CPU
		{680ED840-F5F9-466F-A0B1-271919CE0351}.Debug|Any CPU.Build.0 = Debug|Any CPU
		{680ED840-F5F9-466F-A0B1-271919CE0351}.Release|Any CPU.ActiveCfg = Release|Any CPU
		{680ED840-F5F9-466F-A0B1-271919CE0351}.Release|Any CPU.Build.0 = Release|Any CPU
	EndGlobalSection
	GlobalSection(SolutionProperties) = preSolution
		HideSolutionNode = FALSE
	EndGlobalSection
	GlobalSection(ExtensibilityGlobals) = postSolution
		SolutionGuid = {ADFD6CE8-EDA8-45AC-9298-782A78150EB7}
	EndGlobalSection
EndGlobal
